// !$*UTF8*$!
{
	archiveVersion = 1;
	classes = {
	};
	objectVersion = 48;
	objects = {

/* Begin PBXBuildFile section */
		11C2EF391D62BC3200052D44 /* NSRegularExpression+Swift.swift in Sources */ = {isa = PBXBuildFile; fileRef = 11C2EF381D62BC3200052D44 /* NSRegularExpression+Swift.swift */; };
		1B0651171E2AD698006AE849 /* PhoneNumberFormatter.swift in Sources */ = {isa = PBXBuildFile; fileRef = 1B0651161E2AD698006AE849 /* PhoneNumberFormatter.swift */; };
		1BDDBAD32303598A006AE849 /* AppDelegate.swift in Sources */ = {isa = PBXBuildFile; fileRef = 1BDDBAD22303598A006AE849 /* AppDelegate.swift */; };
		1BDDBAD52303598B006AE849 /* Assets.xcassets in Resources */ = {isa = PBXBuildFile; fileRef = 1BDDBAD42303598B006AE849 /* Assets.xcassets */; };
		1BDDBAD82303598B006AE849 /* MainMenu.xib in Resources */ = {isa = PBXBuildFile; fileRef = 1BDDBAD62303598B006AE849 /* MainMenu.xib */; };
		1BDDBAE42303598B006AE849 /* PhoneNumberLiveFormatUITests.swift in Sources */ = {isa = PBXBuildFile; fileRef = 1BDDBAE32303598B006AE849 /* PhoneNumberLiveFormatUITests.swift */; };
		1BDDBAED23035A33006AE849 /* PhoneNumberKit.framework in Frameworks */ = {isa = PBXBuildFile; fileRef = 342418641BB6E5A000EE70E7 /* PhoneNumberKit.framework */; };
		1BDDBAEF23035A4F006AE849 /* PhoneNumberKit.framework in Copy Framework */ = {isa = PBXBuildFile; fileRef = 342418641BB6E5A000EE70E7 /* PhoneNumberKit.framework */; settings = {ATTRIBUTES = (CodeSignOnCopy, RemoveHeadersOnCopy, ); }; };
		3417BD6B2210AC4900477EE7 /* MetadataParsing.swift in Sources */ = {isa = PBXBuildFile; fileRef = 3417BD6A2210AC4900477EE7 /* MetadataParsing.swift */; };
		3420CF5E1BE8959F00FAE34F /* Formatter.swift in Sources */ = {isa = PBXBuildFile; fileRef = 3420CF5D1BE8959F00FAE34F /* Formatter.swift */; };
		3422D9BA1BE6A2D500867D02 /* ParseManager.swift in Sources */ = {isa = PBXBuildFile; fileRef = 3422D9B91BE6A2D500867D02 /* ParseManager.swift */; };
		3424186F1BB6E5A000EE70E7 /* PhoneNumberKit.framework in Frameworks */ = {isa = PBXBuildFile; fileRef = 342418641BB6E5A000EE70E7 /* PhoneNumberKit.framework */; };
		342418741BB6E5A000EE70E7 /* PhoneNumberKitTests.swift in Sources */ = {isa = PBXBuildFile; fileRef = 342418731BB6E5A000EE70E7 /* PhoneNumberKitTests.swift */; };
		342418801BB705B500EE70E7 /* PhoneNumber.swift in Sources */ = {isa = PBXBuildFile; fileRef = 3424187F1BB705B500EE70E7 /* PhoneNumber.swift */; };
		342418821BB70F5200EE70E7 /* PhoneNumberParser.swift in Sources */ = {isa = PBXBuildFile; fileRef = 342418811BB70F5200EE70E7 /* PhoneNumberParser.swift */; };
		342548F01BE7EED500FBE524 /* MetadataTypes.swift in Sources */ = {isa = PBXBuildFile; fileRef = 342548EF1BE7EED500FBE524 /* MetadataTypes.swift */; };
		3435CC9F1BBFF66F003F953B /* PhoneNumberMetadata.json in Resources */ = {isa = PBXBuildFile; fileRef = 3435CC951BBFF66F003F953B /* PhoneNumberMetadata.json */; };
		3435CCA01BBFF66F003F953B /* PhoneNumberMetadata.json in Resources */ = {isa = PBXBuildFile; fileRef = 3435CC951BBFF66F003F953B /* PhoneNumberMetadata.json */; };
		343B850C1C62A25600918E46 /* PartialFormatter.swift in Sources */ = {isa = PBXBuildFile; fileRef = 343B850A1C62A25600918E46 /* PartialFormatter.swift */; };
		343B850D1C62A25600918E46 /* TextField.swift in Sources */ = {isa = PBXBuildFile; fileRef = 343B850B1C62A25600918E46 /* TextField.swift */; };
		34566C9A1BC112C500715E6B /* RegexManager.swift in Sources */ = {isa = PBXBuildFile; fileRef = 34566C991BC112C500715E6B /* RegexManager.swift */; };
		346922671BC01DCC0023482F /* MetadataManager.swift in Sources */ = {isa = PBXBuildFile; fileRef = 346922661BC01DCC0023482F /* MetadataManager.swift */; };
		346922691BC023A60023482F /* PhoneNumberKit.swift in Sources */ = {isa = PBXBuildFile; fileRef = 346922681BC023A60023482F /* PhoneNumberKit.swift */; };
		346EF14E1C69C688008C7306 /* PartialFormatterTests.swift in Sources */ = {isa = PBXBuildFile; fileRef = 346EF14D1C69C688008C7306 /* PartialFormatterTests.swift */; };
		347209901BB80A69004DE6DA /* Foundation.framework in Frameworks */ = {isa = PBXBuildFile; fileRef = 3472098F1BB80A69004DE6DA /* Foundation.framework */; };
		34776AA81BE2BF1100400790 /* PhoneNumberKitParsingTests.swift in Sources */ = {isa = PBXBuildFile; fileRef = 34776AA71BE2BF1100400790 /* PhoneNumberKitParsingTests.swift */; };
		34AA66021BDD160B00467912 /* Constants.swift in Sources */ = {isa = PBXBuildFile; fileRef = 34AA66011BDD160B00467912 /* Constants.swift */; };
		34AA66041BDD448B00467912 /* CoreTelephony.framework in Frameworks */ = {isa = PBXBuildFile; fileRef = 34AA66031BDD448B00467912 /* CoreTelephony.framework */; };
		C6DF6CA81D1B145300259F4B /* PhoneNumberKit.h in Headers */ = {isa = PBXBuildFile; fileRef = C6DF6CA71D1B145300259F4B /* PhoneNumberKit.h */; settings = {ATTRIBUTES = (Public, ); }; };
/* End PBXBuildFile section */

/* Begin PBXContainerItemProxy section */
		1BDDBAE02303598B006AE849 /* PBXContainerItemProxy */ = {
			isa = PBXContainerItemProxy;
			containerPortal = 3424185B1BB6E5A000EE70E7 /* Project object */;
			proxyType = 1;
			remoteGlobalIDString = 1BDDBACF2303598A006AE849;
			remoteInfo = PhoneNumberLiveFormat;
		};
		342418701BB6E5A000EE70E7 /* PBXContainerItemProxy */ = {
			isa = PBXContainerItemProxy;
			containerPortal = 3424185B1BB6E5A000EE70E7 /* Project object */;
			proxyType = 1;
			remoteGlobalIDString = 342418631BB6E5A000EE70E7;
			remoteInfo = PhoneNumberKit;
		};
/* End PBXContainerItemProxy section */

/* Begin PBXCopyFilesBuildPhase section */
		1BDDBAEE23035A3E006AE849 /* Copy Framework */ = {
			isa = PBXCopyFilesBuildPhase;
			buildActionMask = 2147483647;
			dstPath = "";
			dstSubfolderSpec = 10;
			files = (
				1BDDBAEF23035A4F006AE849 /* PhoneNumberKit.framework in Copy Framework */,
			);
			name = "Copy Framework";
			runOnlyForDeploymentPostprocessing = 0;
		};
/* End PBXCopyFilesBuildPhase section */

/* Begin PBXFileReference section */
		11C2EF381D62BC3200052D44 /* NSRegularExpression+Swift.swift */ = {isa = PBXFileReference; fileEncoding = 4; lastKnownFileType = sourcecode.swift; path = "NSRegularExpression+Swift.swift"; sourceTree = "<group>"; };
		1B0651161E2AD698006AE849 /* PhoneNumberFormatter.swift */ = {isa = PBXFileReference; fileEncoding = 4; lastKnownFileType = sourcecode.swift; path = PhoneNumberFormatter.swift; sourceTree = "<group>"; };
		1BDDBAD02303598A006AE849 /* PhoneNumberLiveFormat.app */ = {isa = PBXFileReference; explicitFileType = wrapper.application; includeInIndex = 0; path = PhoneNumberLiveFormat.app; sourceTree = BUILT_PRODUCTS_DIR; };
		1BDDBAD22303598A006AE849 /* AppDelegate.swift */ = {isa = PBXFileReference; lastKnownFileType = sourcecode.swift; path = AppDelegate.swift; sourceTree = "<group>"; };
		1BDDBAD42303598B006AE849 /* Assets.xcassets */ = {isa = PBXFileReference; lastKnownFileType = folder.assetcatalog; path = Assets.xcassets; sourceTree = "<group>"; };
		1BDDBAD72303598B006AE849 /* Base */ = {isa = PBXFileReference; lastKnownFileType = file.xib; name = Base; path = Base.lproj/MainMenu.xib; sourceTree = "<group>"; };
		1BDDBAD92303598B006AE849 /* Info.plist */ = {isa = PBXFileReference; lastKnownFileType = text.plist.xml; path = Info.plist; sourceTree = "<group>"; };
		1BDDBADA2303598B006AE849 /* PhoneNumberLiveFormat.entitlements */ = {isa = PBXFileReference; lastKnownFileType = text.plist.entitlements; path = PhoneNumberLiveFormat.entitlements; sourceTree = "<group>"; };
		1BDDBADF2303598B006AE849 /* PhoneNumberLiveFormatUITests.xctest */ = {isa = PBXFileReference; explicitFileType = wrapper.cfbundle; includeInIndex = 0; path = PhoneNumberLiveFormatUITests.xctest; sourceTree = BUILT_PRODUCTS_DIR; };
		1BDDBAE32303598B006AE849 /* PhoneNumberLiveFormatUITests.swift */ = {isa = PBXFileReference; lastKnownFileType = sourcecode.swift; path = PhoneNumberLiveFormatUITests.swift; sourceTree = "<group>"; };
		1BDDBAE52303598B006AE849 /* Info.plist */ = {isa = PBXFileReference; lastKnownFileType = text.plist.xml; path = Info.plist; sourceTree = "<group>"; };
		3417BD6A2210AC4900477EE7 /* MetadataParsing.swift */ = {isa = PBXFileReference; lastKnownFileType = sourcecode.swift; path = MetadataParsing.swift; sourceTree = "<group>"; };
        1BF5502E21977DBE006AE849 /* debug.xcconfig */ = {isa = PBXFileReference; lastKnownFileType = text.xcconfig; path = debug.xcconfig; sourceTree = "<group>"; };
		1BF5502F21977DBE006AE849 /* release.xcconfig */ = {isa = PBXFileReference; lastKnownFileType = text.xcconfig; path = release.xcconfig; sourceTree = "<group>"; };
		1BF5503121977DBE006AE849 /* extension.xcconfig */ = {isa = PBXFileReference; lastKnownFileType = text.xcconfig; path = extension.xcconfig; sourceTree = "<group>"; };
		1BF5503221977DBE006AE849 /* application.xcconfig */ = {isa = PBXFileReference; lastKnownFileType = text.xcconfig; path = application.xcconfig; sourceTree = "<group>"; };
		1BF5503321977DBE006AE849 /* executable.xcconfig */ = {isa = PBXFileReference; lastKnownFileType = text.xcconfig; path = executable.xcconfig; sourceTree = "<group>"; };
		1BF5503421977DBE006AE849 /* framework.xcconfig */ = {isa = PBXFileReference; lastKnownFileType = text.xcconfig; path = framework.xcconfig; sourceTree = "<group>"; };
		1BF5503521977DBE006AE849 /* bundle.xcconfig */ = {isa = PBXFileReference; lastKnownFileType = text.xcconfig; path = bundle.xcconfig; sourceTree = "<group>"; };
		1BF5503621977DBE006AE849 /* archive.xcconfig */ = {isa = PBXFileReference; lastKnownFileType = text.xcconfig; path = archive.xcconfig; sourceTree = "<group>"; };
		1BF5503721977DBE006AE849 /* project.xcconfig */ = {isa = PBXFileReference; lastKnownFileType = text.xcconfig; path = project.xcconfig; sourceTree = "<group>"; };
		3420CF5D1BE8959F00FAE34F /* Formatter.swift */ = {isa = PBXFileReference; fileEncoding = 4; lastKnownFileType = sourcecode.swift; path = Formatter.swift; sourceTree = "<group>"; };
		3422D9B91BE6A2D500867D02 /* ParseManager.swift */ = {isa = PBXFileReference; fileEncoding = 4; lastKnownFileType = sourcecode.swift; path = ParseManager.swift; sourceTree = "<group>"; };
		342418641BB6E5A000EE70E7 /* PhoneNumberKit.framework */ = {isa = PBXFileReference; explicitFileType = wrapper.framework; includeInIndex = 0; path = PhoneNumberKit.framework; sourceTree = BUILT_PRODUCTS_DIR; };
		342418691BB6E5A000EE70E7 /* Info.plist */ = {isa = PBXFileReference; lastKnownFileType = text.plist.xml; path = Info.plist; sourceTree = "<group>"; };
		3424186E1BB6E5A000EE70E7 /* PhoneNumberKitTests.xctest */ = {isa = PBXFileReference; explicitFileType = wrapper.cfbundle; includeInIndex = 0; path = PhoneNumberKitTests.xctest; sourceTree = BUILT_PRODUCTS_DIR; };
		342418731BB6E5A000EE70E7 /* PhoneNumberKitTests.swift */ = {isa = PBXFileReference; lastKnownFileType = sourcecode.swift; path = PhoneNumberKitTests.swift; sourceTree = "<group>"; };
		342418751BB6E5A000EE70E7 /* Info.plist */ = {isa = PBXFileReference; lastKnownFileType = text.plist.xml; path = Info.plist; sourceTree = "<group>"; };
		3424187F1BB705B500EE70E7 /* PhoneNumber.swift */ = {isa = PBXFileReference; fileEncoding = 4; lastKnownFileType = sourcecode.swift; path = PhoneNumber.swift; sourceTree = "<group>"; };
		342418811BB70F5200EE70E7 /* PhoneNumberParser.swift */ = {isa = PBXFileReference; fileEncoding = 4; lastKnownFileType = sourcecode.swift; path = PhoneNumberParser.swift; sourceTree = "<group>"; };
		342548EF1BE7EED500FBE524 /* MetadataTypes.swift */ = {isa = PBXFileReference; fileEncoding = 4; lastKnownFileType = sourcecode.swift; path = MetadataTypes.swift; sourceTree = "<group>"; };
		3435CC951BBFF66F003F953B /* PhoneNumberMetadata.json */ = {isa = PBXFileReference; fileEncoding = 4; lastKnownFileType = text.json; path = PhoneNumberMetadata.json; sourceTree = "<group>"; };
		343B850A1C62A25600918E46 /* PartialFormatter.swift */ = {isa = PBXFileReference; fileEncoding = 4; lastKnownFileType = sourcecode.swift; path = PartialFormatter.swift; sourceTree = "<group>"; usesTabs = 0; };
		343B850B1C62A25600918E46 /* TextField.swift */ = {isa = PBXFileReference; fileEncoding = 4; lastKnownFileType = sourcecode.swift; name = TextField.swift; path = UI/TextField.swift; sourceTree = "<group>"; };
		34566C991BC112C500715E6B /* RegexManager.swift */ = {isa = PBXFileReference; fileEncoding = 4; lastKnownFileType = sourcecode.swift; path = RegexManager.swift; sourceTree = "<group>"; };
		346922661BC01DCC0023482F /* MetadataManager.swift */ = {isa = PBXFileReference; fileEncoding = 4; lastKnownFileType = sourcecode.swift; path = MetadataManager.swift; sourceTree = "<group>"; };
		346922681BC023A60023482F /* PhoneNumberKit.swift */ = {isa = PBXFileReference; fileEncoding = 4; lastKnownFileType = sourcecode.swift; path = PhoneNumberKit.swift; sourceTree = "<group>"; };
		346EF14D1C69C688008C7306 /* PartialFormatterTests.swift */ = {isa = PBXFileReference; fileEncoding = 4; lastKnownFileType = sourcecode.swift; path = PartialFormatterTests.swift; sourceTree = "<group>"; };
		3472098F1BB80A69004DE6DA /* Foundation.framework */ = {isa = PBXFileReference; lastKnownFileType = wrapper.framework; name = Foundation.framework; path = System/Library/Frameworks/Foundation.framework; sourceTree = SDKROOT; };
		34776AA71BE2BF1100400790 /* PhoneNumberKitParsingTests.swift */ = {isa = PBXFileReference; fileEncoding = 4; lastKnownFileType = sourcecode.swift; path = PhoneNumberKitParsingTests.swift; sourceTree = "<group>"; };
		34AA66011BDD160B00467912 /* Constants.swift */ = {isa = PBXFileReference; fileEncoding = 4; lastKnownFileType = sourcecode.swift; path = Constants.swift; sourceTree = "<group>"; };
		34AA66031BDD448B00467912 /* CoreTelephony.framework */ = {isa = PBXFileReference; lastKnownFileType = wrapper.framework; name = CoreTelephony.framework; path = System/Library/Frameworks/CoreTelephony.framework; sourceTree = SDKROOT; };
		C6DF6CA71D1B145300259F4B /* PhoneNumberKit.h */ = {isa = PBXFileReference; fileEncoding = 4; lastKnownFileType = sourcecode.c.h; path = PhoneNumberKit.h; sourceTree = "<group>"; };
/* End PBXFileReference section */

/* Begin PBXFrameworksBuildPhase section */
		1BDDBACD2303598A006AE849 /* Frameworks */ = {
			isa = PBXFrameworksBuildPhase;
			buildActionMask = 2147483647;
			files = (
				1BDDBAED23035A33006AE849 /* PhoneNumberKit.framework in Frameworks */,
			);
			runOnlyForDeploymentPostprocessing = 0;
		};
		1BDDBADC2303598B006AE849 /* Frameworks */ = {
			isa = PBXFrameworksBuildPhase;
			buildActionMask = 2147483647;
			files = (
			);
			runOnlyForDeploymentPostprocessing = 0;
		};
		342418601BB6E5A000EE70E7 /* Frameworks */ = {
			isa = PBXFrameworksBuildPhase;
			buildActionMask = 2147483647;
			files = (
				34AA66041BDD448B00467912 /* CoreTelephony.framework in Frameworks */,
				347209901BB80A69004DE6DA /* Foundation.framework in Frameworks */,
			);
			runOnlyForDeploymentPostprocessing = 0;
		};
		3424186B1BB6E5A000EE70E7 /* Frameworks */ = {
			isa = PBXFrameworksBuildPhase;
			buildActionMask = 2147483647;
			files = (
				3424186F1BB6E5A000EE70E7 /* PhoneNumberKit.framework in Frameworks */,
			);
			runOnlyForDeploymentPostprocessing = 0;
		};
/* End PBXFrameworksBuildPhase section */

/* Begin PBXGroup section */
		1BDDBAD12303598A006AE849 /* PhoneNumberLiveFormat */ = {
			isa = PBXGroup;
			children = (
				1BDDBAD22303598A006AE849 /* AppDelegate.swift */,
				1BDDBAD42303598B006AE849 /* Assets.xcassets */,
				1BDDBAD62303598B006AE849 /* MainMenu.xib */,
				1BDDBAD92303598B006AE849 /* Info.plist */,
				1BDDBADA2303598B006AE849 /* PhoneNumberLiveFormat.entitlements */,
			);
			path = PhoneNumberLiveFormat;
			sourceTree = "<group>";
		};
		1BDDBAE22303598B006AE849 /* PhoneNumberLiveFormatUITests */ = {
			isa = PBXGroup;
			children = (
				1BDDBAE32303598B006AE849 /* PhoneNumberLiveFormatUITests.swift */,
				1BDDBAE52303598B006AE849 /* Info.plist */,
			);
			path = PhoneNumberLiveFormatUITests;
			sourceTree = "<group>";
		};
		1BDDBAEC23035A33006AE849 /* Frameworks */ = {
			isa = PBXGroup;
			children = (
			);
			name = Frameworks;
			sourceTree = "<group>";
		};
		1B99D4401E2B6BB4006AE849 /* xcconfigs */ = {
			isa = PBXGroup;
			children = (
				1BF5502E21977DBE006AE849 /* debug.xcconfig */,
				1BF5503721977DBE006AE849 /* project.xcconfig */,
				1BF5502F21977DBE006AE849 /* release.xcconfig */,
				1BF5503021977DBE006AE849 /* target */,
			);
			name = xcconfigs;
			path = ../xcconfigs;
			sourceTree = "<group>";
		};
		1BF5503021977DBE006AE849 /* target */ = {
			isa = PBXGroup;
			children = (
				1BF5503121977DBE006AE849 /* extension.xcconfig */,
				1BF5503221977DBE006AE849 /* application.xcconfig */,
				1BF5503321977DBE006AE849 /* executable.xcconfig */,
				1BF5503421977DBE006AE849 /* framework.xcconfig */,
				1BF5503521977DBE006AE849 /* bundle.xcconfig */,
				1BF5503621977DBE006AE849 /* archive.xcconfig */,
			);
			path = target;
			sourceTree = "<group>";
		};
		340757841DA03A1700D493A0 /* Metadata */ = {
			isa = PBXGroup;
			children = (
				346922661BC01DCC0023482F /* MetadataManager.swift */,
				342548EF1BE7EED500FBE524 /* MetadataTypes.swift */,
				3417BD6A2210AC4900477EE7 /* MetadataParsing.swift */,
			);
			name = Metadata;
			sourceTree = "<group>";
		};
		3420981B1BE1F1250036BBB1 /* Frameworks */ = {
			isa = PBXGroup;
			children = (
				34AA66031BDD448B00467912 /* CoreTelephony.framework */,
				3472098F1BB80A69004DE6DA /* Foundation.framework */,
			);
			name = Frameworks;
			sourceTree = "<group>";
		};
		3424185A1BB6E5A000EE70E7 = {
			isa = PBXGroup;
			children = (
				342418661BB6E5A000EE70E7 /* PhoneNumberKit */,
				342418721BB6E5A000EE70E7 /* PhoneNumberKitTests */,
				1BDDBAD12303598A006AE849 /* PhoneNumberLiveFormat */,
				1BDDBAE22303598B006AE849 /* PhoneNumberLiveFormatUITests */,
                1B99D4401E2B6BB4006AE849 /* xcconfigs */,
				342418651BB6E5A000EE70E7 /* Products */,
				1BDDBAEC23035A33006AE849 /* Frameworks */,
			);
			sourceTree = "<group>";
		};
		342418651BB6E5A000EE70E7 /* Products */ = {
			isa = PBXGroup;
			children = (
				342418641BB6E5A000EE70E7 /* PhoneNumberKit.framework */,
				3424186E1BB6E5A000EE70E7 /* PhoneNumberKitTests.xctest */,
				1BDDBAD02303598A006AE849 /* PhoneNumberLiveFormat.app */,
				1BDDBADF2303598B006AE849 /* PhoneNumberLiveFormatUITests.xctest */,
			);
			name = Products;
			sourceTree = "<group>";
		};
		342418661BB6E5A000EE70E7 /* PhoneNumberKit */ = {
			isa = PBXGroup;
			children = (
				C6DF6CA71D1B145300259F4B /* PhoneNumberKit.h */,
				342418691BB6E5A000EE70E7 /* Info.plist */,
				346922681BC023A60023482F /* PhoneNumberKit.swift */,
				340757841DA03A1700D493A0 /* Metadata */,
				3422D9B91BE6A2D500867D02 /* ParseManager.swift */,
				34566C991BC112C500715E6B /* RegexManager.swift */,
				3424187F1BB705B500EE70E7 /* PhoneNumber.swift */,
				34AA66011BDD160B00467912 /* Constants.swift */,
				3420CF5D1BE8959F00FAE34F /* Formatter.swift */,
				343B850A1C62A25600918E46 /* PartialFormatter.swift */,
				343B850B1C62A25600918E46 /* TextField.swift */,
				342418811BB70F5200EE70E7 /* PhoneNumberParser.swift */,
				1B0651161E2AD698006AE849 /* PhoneNumberFormatter.swift */,
				11C2EF381D62BC3200052D44 /* NSRegularExpression+Swift.swift */,
				3435CC8F1BBFF66F003F953B /* Resources */,
				3420981B1BE1F1250036BBB1 /* Frameworks */,
			);
			path = PhoneNumberKit;
			sourceTree = "<group>";
		};
		342418721BB6E5A000EE70E7 /* PhoneNumberKitTests */ = {
			isa = PBXGroup;
			children = (
				342418731BB6E5A000EE70E7 /* PhoneNumberKitTests.swift */,
				346EF14D1C69C688008C7306 /* PartialFormatterTests.swift */,
				34776AA71BE2BF1100400790 /* PhoneNumberKitParsingTests.swift */,
				342418751BB6E5A000EE70E7 /* Info.plist */,
			);
			path = PhoneNumberKitTests;
			sourceTree = "<group>";
		};
		3435CC8F1BBFF66F003F953B /* Resources */ = {
			isa = PBXGroup;
			children = (
				3435CC951BBFF66F003F953B /* PhoneNumberMetadata.json */,
			);
			path = Resources;
			sourceTree = "<group>";
		};
/* End PBXGroup section */

/* Begin PBXHeadersBuildPhase section */
		342418611BB6E5A000EE70E7 /* Headers */ = {
			isa = PBXHeadersBuildPhase;
			buildActionMask = 2147483647;
			files = (
				C6DF6CA81D1B145300259F4B /* PhoneNumberKit.h in Headers */,
			);
			runOnlyForDeploymentPostprocessing = 0;
		};
/* End PBXHeadersBuildPhase section */

/* Begin PBXNativeTarget section */
		1BDDBACF2303598A006AE849 /* PhoneNumberLiveFormat */ = {
			isa = PBXNativeTarget;
			buildConfigurationList = 1BDDBAE62303598B006AE849 /* Build configuration list for PBXNativeTarget "PhoneNumberLiveFormat" */;
			buildPhases = (
				1BDDBACC2303598A006AE849 /* Sources */,
				1BDDBACD2303598A006AE849 /* Frameworks */,
				1BDDBACE2303598A006AE849 /* Resources */,
				1BDDBAEE23035A3E006AE849 /* Copy Framework */,
			);
			buildRules = (
			);
			dependencies = (
			);
			name = PhoneNumberLiveFormat;
			productName = PhoneNumberLiveFormat;
			productReference = 1BDDBAD02303598A006AE849 /* PhoneNumberLiveFormat.app */;
			productType = "com.apple.product-type.application";
		};
		1BDDBADE2303598B006AE849 /* PhoneNumberLiveFormatUITests */ = {
			isa = PBXNativeTarget;
			buildConfigurationList = 1BDDBAE92303598B006AE849 /* Build configuration list for PBXNativeTarget "PhoneNumberLiveFormatUITests" */;
			buildPhases = (
				1BDDBADB2303598B006AE849 /* Sources */,
				1BDDBADC2303598B006AE849 /* Frameworks */,
				1BDDBADD2303598B006AE849 /* Resources */,
			);
			buildRules = (
			);
			dependencies = (
				1BDDBAE12303598B006AE849 /* PBXTargetDependency */,
			);
			name = PhoneNumberLiveFormatUITests;
			productName = PhoneNumberLiveFormatUITests;
			productReference = 1BDDBADF2303598B006AE849 /* PhoneNumberLiveFormatUITests.xctest */;
			productType = "com.apple.product-type.bundle.ui-testing";
		};
		342418631BB6E5A000EE70E7 /* PhoneNumberKit */ = {
			isa = PBXNativeTarget;
			buildConfigurationList = 342418781BB6E5A000EE70E7 /* Build configuration list for PBXNativeTarget "PhoneNumberKit" */;
			buildPhases = (
				3424185F1BB6E5A000EE70E7 /* Sources */,
				342418601BB6E5A000EE70E7 /* Frameworks */,
				342418611BB6E5A000EE70E7 /* Headers */,
				342418621BB6E5A000EE70E7 /* Resources */,
			);
			buildRules = (
			);
			dependencies = (
			);
			name = PhoneNumberKit;
			productName = PhoneNumberKit;
			productReference = 342418641BB6E5A000EE70E7 /* PhoneNumberKit.framework */;
			productType = "com.apple.product-type.framework";
		};
		3424186D1BB6E5A000EE70E7 /* PhoneNumberKitTests */ = {
			isa = PBXNativeTarget;
			buildConfigurationList = 3424187B1BB6E5A000EE70E7 /* Build configuration list for PBXNativeTarget "PhoneNumberKitTests" */;
			buildPhases = (
				3424186A1BB6E5A000EE70E7 /* Sources */,
				3424186B1BB6E5A000EE70E7 /* Frameworks */,
				3424186C1BB6E5A000EE70E7 /* Resources */,
			);
			buildRules = (
			);
			dependencies = (
				342418711BB6E5A000EE70E7 /* PBXTargetDependency */,
			);
			name = PhoneNumberKitTests;
			productName = PhoneNumberKitTests;
			productReference = 3424186E1BB6E5A000EE70E7 /* PhoneNumberKitTests.xctest */;
			productType = "com.apple.product-type.bundle.unit-test";
		};
/* End PBXNativeTarget section */

/* Begin PBXProject section */
		3424185B1BB6E5A000EE70E7 /* Project object */ = {
			isa = PBXProject;
			attributes = {
				LastSwiftUpdateCheck = 1030;
				LastUpgradeCheck = 1020;
				ORGANIZATIONNAME = "Roy Marmelstein";
				TargetAttributes = {
					1BDDBACF2303598A006AE849 = {
						CreatedOnToolsVersion = 10.3;
						ProvisioningStyle = Automatic;
					};
					1BDDBADE2303598B006AE849 = {
						CreatedOnToolsVersion = 10.3;
						ProvisioningStyle = Automatic;
						TestTargetID = 1BDDBACF2303598A006AE849;
					};
					342418631BB6E5A000EE70E7 = {
						CreatedOnToolsVersion = 7.0;
						LastSwiftMigration = 1020;
					};
					3424186D1BB6E5A000EE70E7 = {
						CreatedOnToolsVersion = 7.0;
						LastSwiftMigration = 1020;
					};
				};
			};
			buildConfigurationList = 3424185E1BB6E5A000EE70E7 /* Build configuration list for PBXProject "PhoneNumberKit" */;
			compatibilityVersion = "Xcode 8.0";
			developmentRegion = en;
			hasScannedForEncodings = 0;
			knownRegions = (
				en,
				Base,
			);
			mainGroup = 3424185A1BB6E5A000EE70E7;
			productRefGroup = 342418651BB6E5A000EE70E7 /* Products */;
			projectDirPath = "";
			projectRoot = "";
			targets = (
				342418631BB6E5A000EE70E7 /* PhoneNumberKit */,
				3424186D1BB6E5A000EE70E7 /* PhoneNumberKitTests */,
				1BDDBACF2303598A006AE849 /* PhoneNumberLiveFormat */,
				1BDDBADE2303598B006AE849 /* PhoneNumberLiveFormatUITests */,
			);
		};
/* End PBXProject section */

/* Begin PBXResourcesBuildPhase section */
		1BDDBACE2303598A006AE849 /* Resources */ = {
			isa = PBXResourcesBuildPhase;
			buildActionMask = 2147483647;
			files = (
				1BDDBAD52303598B006AE849 /* Assets.xcassets in Resources */,
				1BDDBAD82303598B006AE849 /* MainMenu.xib in Resources */,
			);
			runOnlyForDeploymentPostprocessing = 0;
		};
		1BDDBADD2303598B006AE849 /* Resources */ = {
			isa = PBXResourcesBuildPhase;
			buildActionMask = 2147483647;
			files = (
			);
			runOnlyForDeploymentPostprocessing = 0;
		};
		342418621BB6E5A000EE70E7 /* Resources */ = {
			isa = PBXResourcesBuildPhase;
			buildActionMask = 2147483647;
			files = (
				3435CC9F1BBFF66F003F953B /* PhoneNumberMetadata.json in Resources */,
			);
			runOnlyForDeploymentPostprocessing = 0;
		};
		3424186C1BB6E5A000EE70E7 /* Resources */ = {
			isa = PBXResourcesBuildPhase;
			buildActionMask = 2147483647;
			files = (
				3435CCA01BBFF66F003F953B /* PhoneNumberMetadata.json in Resources */,
			);
			runOnlyForDeploymentPostprocessing = 0;
		};
/* End PBXResourcesBuildPhase section */

/* Begin PBXSourcesBuildPhase section */
		1BDDBACC2303598A006AE849 /* Sources */ = {
			isa = PBXSourcesBuildPhase;
			buildActionMask = 2147483647;
			files = (
				1BDDBAD32303598A006AE849 /* AppDelegate.swift in Sources */,
			);
			runOnlyForDeploymentPostprocessing = 0;
		};
		1BDDBADB2303598B006AE849 /* Sources */ = {
			isa = PBXSourcesBuildPhase;
			buildActionMask = 2147483647;
			files = (
				1BDDBAE42303598B006AE849 /* PhoneNumberLiveFormatUITests.swift in Sources */,
			);
			runOnlyForDeploymentPostprocessing = 0;
		};
		3424185F1BB6E5A000EE70E7 /* Sources */ = {
			isa = PBXSourcesBuildPhase;
			buildActionMask = 2147483647;
			files = (
				11C2EF391D62BC3200052D44 /* NSRegularExpression+Swift.swift in Sources */,
				342418821BB70F5200EE70E7 /* PhoneNumberParser.swift in Sources */,
				346922671BC01DCC0023482F /* MetadataManager.swift in Sources */,
				3420CF5E1BE8959F00FAE34F /* Formatter.swift in Sources */,
				343B850D1C62A25600918E46 /* TextField.swift in Sources */,
				3417BD6B2210AC4900477EE7 /* MetadataParsing.swift in Sources */,
				346922691BC023A60023482F /* PhoneNumberKit.swift in Sources */,
				343B850C1C62A25600918E46 /* PartialFormatter.swift in Sources */,
				3422D9BA1BE6A2D500867D02 /* ParseManager.swift in Sources */,
				34566C9A1BC112C500715E6B /* RegexManager.swift in Sources */,
				342418801BB705B500EE70E7 /* PhoneNumber.swift in Sources */,
				1B0651171E2AD698006AE849 /* PhoneNumberFormatter.swift in Sources */,
				34AA66021BDD160B00467912 /* Constants.swift in Sources */,
				342548F01BE7EED500FBE524 /* MetadataTypes.swift in Sources */,
			);
			runOnlyForDeploymentPostprocessing = 0;
		};
		3424186A1BB6E5A000EE70E7 /* Sources */ = {
			isa = PBXSourcesBuildPhase;
			buildActionMask = 2147483647;
			files = (
				34776AA81BE2BF1100400790 /* PhoneNumberKitParsingTests.swift in Sources */,
				342418741BB6E5A000EE70E7 /* PhoneNumberKitTests.swift in Sources */,
				346EF14E1C69C688008C7306 /* PartialFormatterTests.swift in Sources */,
			);
			runOnlyForDeploymentPostprocessing = 0;
		};
/* End PBXSourcesBuildPhase section */

/* Begin PBXTargetDependency section */
		1BDDBAE12303598B006AE849 /* PBXTargetDependency */ = {
			isa = PBXTargetDependency;
			target = 1BDDBACF2303598A006AE849 /* PhoneNumberLiveFormat */;
			targetProxy = 1BDDBAE02303598B006AE849 /* PBXContainerItemProxy */;
		};
		342418711BB6E5A000EE70E7 /* PBXTargetDependency */ = {
			isa = PBXTargetDependency;
			target = 342418631BB6E5A000EE70E7 /* PhoneNumberKit */;
			targetProxy = 342418701BB6E5A000EE70E7 /* PBXContainerItemProxy */;
		};
/* End PBXTargetDependency section */

/* Begin PBXVariantGroup section */
		1BDDBAD62303598B006AE849 /* MainMenu.xib */ = {
			isa = PBXVariantGroup;
			children = (
				1BDDBAD72303598B006AE849 /* Base */,
			);
			name = MainMenu.xib;
			sourceTree = "<group>";
		};
/* End PBXVariantGroup section */

/* Begin XCBuildConfiguration section */
		1BDDBAE72303598B006AE849 /* Debug */ = {
			isa = XCBuildConfiguration;
			baseConfigurationReference = 1BF5503221977DBE006AE849 /* application.xcconfig */;
			buildSettings = {
                CODE_SIGN_ENTITLEMENTS = PhoneNumberLiveFormat/PhoneNumberLiveFormat.entitlements;
				INFOPLIST_FILE = PhoneNumberLiveFormat/Info.plist;
				PRODUCT_BUNDLE_IDENTIFIER = com.xenonium.PhoneNumberLiveFormat;
				PRODUCT_NAME = "$(TARGET_NAME)";
			};
			name = Debug;
		};
		1BDDBAE82303598B006AE849 /* Release */ = {
			isa = XCBuildConfiguration;
			baseConfigurationReference = 1BF5503221977DBE006AE849 /* application.xcconfig */;
			buildSettings = {
                CODE_SIGN_ENTITLEMENTS = PhoneNumberLiveFormat/PhoneNumberLiveFormat.entitlements;
				INFOPLIST_FILE = PhoneNumberLiveFormat/Info.plist;
				PRODUCT_BUNDLE_IDENTIFIER = com.xenonium.PhoneNumberLiveFormat;
				PRODUCT_NAME = "$(TARGET_NAME)";
			};
			name = Release;
		};
		1BDDBAEA2303598B006AE849 /* Debug */ = {
			isa = XCBuildConfiguration;
			baseConfigurationReference = 1BF5503521977DBE006AE849 /* bundle.xcconfig */;
			buildSettings = {
				ALWAYS_EMBED_SWIFT_STANDARD_LIBRARIES = YES;
				INFOPLIST_FILE = PhoneNumberLiveFormatUITests/Info.plist;
				MACOSX_DEPLOYMENT_TARGET = 10.12;
				PRODUCT_BUNDLE_IDENTIFIER = com.xenonium.PhoneNumberLiveFormatUITests;
				PRODUCT_NAME = "$(TARGET_NAME)";
				TEST_TARGET_NAME = PhoneNumberLiveFormat;
			};
			name = Debug;
		};
		1BDDBAEB2303598B006AE849 /* Release */ = {
			isa = XCBuildConfiguration;
			baseConfigurationReference = 1BF5503521977DBE006AE849 /* bundle.xcconfig */;
			buildSettings = {
				ALWAYS_EMBED_SWIFT_STANDARD_LIBRARIES = YES;
				INFOPLIST_FILE = PhoneNumberLiveFormatUITests/Info.plist;
				MACOSX_DEPLOYMENT_TARGET = 10.12;
				PRODUCT_BUNDLE_IDENTIFIER = com.xenonium.PhoneNumberLiveFormatUITests;
				PRODUCT_NAME = "$(TARGET_NAME)";
				TEST_TARGET_NAME = PhoneNumberLiveFormat;
			};
			name = Release;
		};
		342418761BB6E5A000EE70E7 /* Debug */ = {
			isa = XCBuildConfiguration;
			baseConfigurationReference = 1BF5502E21977DBE006AE849 /* debug.xcconfig */;
			buildSettings = {
				CURRENT_PROJECT_VERSION = 22;
			};
			name = Debug;
		};
		342418771BB6E5A000EE70E7 /* Release */ = {
			isa = XCBuildConfiguration;
			baseConfigurationReference = 1BF5502F21977DBE006AE849 /* release.xcconfig */;
			buildSettings = {
				CURRENT_PROJECT_VERSION = 22;
			};
			name = Release;
		};
		342418791BB6E5A000EE70E7 /* Debug */ = {
			isa = XCBuildConfiguration;
			baseConfigurationReference = 1BF5503421977DBE006AE849 /* framework.xcconfig */;
			buildSettings = {
				APPLICATION_EXTENSION_API_ONLY = YES;
				DYLIB_COMPATIBILITY_VERSION = 1;
				DYLIB_INSTALL_NAME_BASE = "@rpath";
				INFOPLIST_FILE = PhoneNumberKit/Info.plist;
				PRODUCT_BUNDLE_IDENTIFIER = com.roymarmelstein.PhoneNumberKit;
				PRODUCT_NAME = "$(TARGET_NAME)";
				SKIP_INSTALL = YES;
				SUPPORTED_PLATFORMS = "iphonesimulator iphoneos macosx appletvsimulator appletvos watchsimulator watchos";
			};
			name = Debug;
		};
		3424187A1BB6E5A000EE70E7 /* Release */ = {
			isa = XCBuildConfiguration;
			baseConfigurationReference = 1BF5503421977DBE006AE849 /* framework.xcconfig */;
			buildSettings = {
				APPLICATION_EXTENSION_API_ONLY = YES;
				DYLIB_COMPATIBILITY_VERSION = 1;
				DYLIB_INSTALL_NAME_BASE = "@rpath";
				INFOPLIST_FILE = PhoneNumberKit/Info.plist;
				PRODUCT_BUNDLE_IDENTIFIER = com.roymarmelstein.PhoneNumberKit;
				PRODUCT_NAME = "$(TARGET_NAME)";
				SKIP_INSTALL = YES;
				SUPPORTED_PLATFORMS = "iphonesimulator iphoneos macosx appletvsimulator appletvos watchsimulator watchos";
			};
			name = Release;
		};
		3424187C1BB6E5A000EE70E7 /* Debug */ = {
			isa = XCBuildConfiguration;
			baseConfigurationReference = 1BF5503521977DBE006AE849 /* bundle.xcconfig */;
			buildSettings = {
				INFOPLIST_FILE = PhoneNumberKitTests/Info.plist;
				PRODUCT_BUNDLE_IDENTIFIER = com.roymarmelstein.PhoneNumberKitTests;
				PRODUCT_NAME = "$(TARGET_NAME)";
				SUPPORTED_PLATFORMS = "iphonesimulator iphoneos macosx appletvsimulator appletvos watchsimulator watchos";
			};
			name = Debug;
		};
		3424187D1BB6E5A000EE70E7 /* Release */ = {
			isa = XCBuildConfiguration;
			baseConfigurationReference = 1BF5503521977DBE006AE849 /* bundle.xcconfig */;
			buildSettings = {
				INFOPLIST_FILE = PhoneNumberKitTests/Info.plist;
				PRODUCT_BUNDLE_IDENTIFIER = com.roymarmelstein.PhoneNumberKitTests;
				PRODUCT_NAME = "$(TARGET_NAME)";
				SUPPORTED_PLATFORMS = "iphonesimulator iphoneos macosx";
			};
			name = Release;
		};
/* End XCBuildConfiguration section */

/* Begin XCConfigurationList section */
		1BDDBAE62303598B006AE849 /* Build configuration list for PBXNativeTarget "PhoneNumberLiveFormat" */ = {
			isa = XCConfigurationList;
			buildConfigurations = (
				1BDDBAE72303598B006AE849 /* Debug */,
				1BDDBAE82303598B006AE849 /* Release */,
			);
			defaultConfigurationIsVisible = 0;
			defaultConfigurationName = Release;
		};
		1BDDBAE92303598B006AE849 /* Build configuration list for PBXNativeTarget "PhoneNumberLiveFormatUITests" */ = {
			isa = XCConfigurationList;
			buildConfigurations = (
				1BDDBAEA2303598B006AE849 /* Debug */,
				1BDDBAEB2303598B006AE849 /* Release */,
			);
			defaultConfigurationIsVisible = 0;
			defaultConfigurationName = Release;
		};
		3424185E1BB6E5A000EE70E7 /* Build configuration list for PBXProject "PhoneNumberKit" */ = {
			isa = XCConfigurationList;
			buildConfigurations = (
				342418761BB6E5A000EE70E7 /* Debug */,
				342418771BB6E5A000EE70E7 /* Release */,
			);
			defaultConfigurationIsVisible = 0;
			defaultConfigurationName = Release;
		};
		342418781BB6E5A000EE70E7 /* Build configuration list for PBXNativeTarget "PhoneNumberKit" */ = {
			isa = XCConfigurationList;
			buildConfigurations = (
				342418791BB6E5A000EE70E7 /* Debug */,
				3424187A1BB6E5A000EE70E7 /* Release */,
			);
			defaultConfigurationIsVisible = 0;
			defaultConfigurationName = Release;
		};
		3424187B1BB6E5A000EE70E7 /* Build configuration list for PBXNativeTarget "PhoneNumberKitTests" */ = {
			isa = XCConfigurationList;
			buildConfigurations = (
				3424187C1BB6E5A000EE70E7 /* Debug */,
				3424187D1BB6E5A000EE70E7 /* Release */,
			);
			defaultConfigurationIsVisible = 0;
			defaultConfigurationName = Release;
		};
/* End XCConfigurationList section */
	};
	rootObject = 3424185B1BB6E5A000EE70E7 /* Project object */;
}
